{
  "pins" : [
    {
      "identity" : "gxcorebl",
      "kind" : "remoteSourceControl",
      "location" : "https://github.com/GeneXus-SwiftPackages/GXCoreBL.git",
      "state" : {
        "revision" : "968fd157efe27694220182f8c44b8495636ae7dd",
        "version" : "3.0.0-beta.2"
      }
    },
    {
      "identity" : "gxcoremodule_sd_notifications",
      "kind" : "remoteSourceControl",
      "location" : "https://github.com/GeneXus-SwiftPackages/GXCoreModule_SD_Notifications.git",
      "state" : {
        "revision" : "a42e23735ca74de136a20a663c4a59cea0d5e868",
        "version" : "3.0.0-beta.2"
      }
    },
    {
      "identity" : "gxcoreui",
      "kind" : "remoteSourceControl",
      "location" : "https://github.com/GeneXus-SwiftPackages/GXCoreUI.git",
      "state" : {
        "revision" : "167d4d509066672f5b53dcaa696b66156629b0a1",
        "version" : "3.0.0-beta.2"
      }
    },
    {
      "identity" : "gxdatalayer",
      "kind" : "remoteSourceControl",
      "location" : "https://github.com/GeneXus-SwiftPackages/GXDataLayer.git",
      "state" : {
        "revision" : "5d82d02cf965b7558da09a13d2c7f2cff212b35f",
        "version" : "3.0.0-beta.2"
      }
    },
    {
      "identity" : "gxfoundation",
      "kind" : "remoteSourceControl",
      "location" : "https://github.com/GeneXus-SwiftPackages/GXFoundation.git",
      "state" : {
        "revision" : "9e714e4154c39d23a7d2cfa2a8124ebbcf078980",
        "version" : "3.0.0-beta.2"
      }
    },
    {
      "identity" : "gxobjectsmodel",
      "kind" : "remoteSourceControl",
      "location" : "https://github.com/GeneXus-SwiftPackages/GXObjectsModel.git",
      "state" : {
        "revision" : "936da7b4688ef32213aacb44d87b84a305fcb896",
        "version" : "3.0.0-beta.2"
      }
    },
    {
      "identity" : "gxstandardclasses",
      "kind" : "remoteSourceControl",
      "location" : "https://github.com/GeneXus-SwiftPackages/GXStandardClasses.git",
      "state" : {
        "revision" : "042605cdcd393e59d35b0e5693e0b9538b4b637e",
        "version" : "3.0.0-beta.2"
      }
    },
    {
      "identity" : "onesignal-xcframework",
      "kind" : "remoteSourceControl",
      "location" : "https://github.com/OneSignal/OneSignal-XCFramework",
      "state" : {
        "revision" : "b466a821e03008ecae885ebf79f52e4b88269b06",
        "version" : "3.12.6"
      }
    },
    {
      "identity" : "yajl",
      "kind" : "remoteSourceControl",
      "location" : "https://github.com/GeneXus-SwiftPackages/YAJL.git",
      "state" : {
        "revision" : "aeaae2542bbba09477eb846a392b58355f90c225",
        "version" : "3.0.0-beta.2"
      }
    }
  ],
  "version" : 2
}
