{
  "pins" : [
    {
      "identity" : "gxcorebl",
      "kind" : "remoteSourceControl",
      "location" : "https://github.com/GeneXus-SwiftPackages/GXCoreBL.git",
      "state" : {
        "revision" : "67a29dae701fc0454507c2477889859bd66c1028",
        "version" : "2.0.0-beta.5"
      }
    },
    {
      "identity" : "gxcoremodule_sd_notifications",
      "kind" : "remoteSourceControl",
      "location" : "https://github.com/GeneXus-SwiftPackages/GXCoreModule_SD_Notifications.git",
      "state" : {
        "revision" : "61f9b860d548a52e8116b0a6b46eb8064917c6cc",
        "version" : "2.0.0-beta.5"
      }
    },
    {
      "identity" : "gxcoreui",
      "kind" : "remoteSourceControl",
      "location" : "https://github.com/GeneXus-SwiftPackages/GXCoreUI.git",
      "state" : {
        "revision" : "718bb2ee7950f69f10b3e743ffeec4d4c3e6ff49",
        "version" : "2.0.0-beta.5"
      }
    },
    {
      "identity" : "gxdatalayer",
      "kind" : "remoteSourceControl",
      "location" : "https://github.com/GeneXus-SwiftPackages/GXDataLayer.git",
      "state" : {
        "revision" : "d43a3a10a9e25c3e860f5345d26cae09f028d181",
        "version" : "2.0.0-beta.5"
      }
    },
    {
      "identity" : "gxfoundation",
      "kind" : "remoteSourceControl",
      "location" : "https://github.com/GeneXus-SwiftPackages/GXFoundation.git",
      "state" : {
        "revision" : "c6ba71bb17b697270c3de4c6592066d69ffc995f",
        "version" : "2.0.0-beta.5"
      }
    },
    {
      "identity" : "gxobjectsmodel",
      "kind" : "remoteSourceControl",
      "location" : "https://github.com/GeneXus-SwiftPackages/GXObjectsModel.git",
      "state" : {
        "revision" : "062fc02dbb37a6fa80a5e1c4fb9d44f067829835",
        "version" : "2.0.0-beta.5"
      }
    },
    {
      "identity" : "gxstandardclasses",
      "kind" : "remoteSourceControl",
      "location" : "https://github.com/GeneXus-SwiftPackages/GXStandardClasses.git",
      "state" : {
        "revision" : "c1c12bd4889f57aca44f5f40206f707b343fff70",
        "version" : "2.0.0-beta.5"
      }
    },
    {
      "identity" : "onesignal-xcframework",
      "kind" : "remoteSourceControl",
      "location" : "https://github.com/OneSignal/OneSignal-XCFramework",
      "state" : {
        "revision" : "b466a821e03008ecae885ebf79f52e4b88269b06",
        "version" : "3.12.6"
      }
    },
    {
      "identity" : "yajl",
      "kind" : "remoteSourceControl",
      "location" : "https://github.com/GeneXus-SwiftPackages/YAJL.git",
      "state" : {
        "revision" : "d60df3cc94140926881178445cc06dff06bb9d6e",
        "version" : "2.0.0-beta.5"
      }
    }
  ],
  "version" : 2
}
